// !$*UTF8*$!
{
	archiveVersion = 1;
	classes = {
	};
	objectVersion = 55;
	objects = {

/* Begin PBXBuildFile section */
		91911F9C28CA434E00C21F64 /* AppDelegate.swift in Sources */ = {isa = PBXBuildFile; fileRef = 91911F9B28CA434E00C21F64 /* AppDelegate.swift */; };
		91911F9E28CA434E00C21F64 /* SceneDelegate.swift in Sources */ = {isa = PBXBuildFile; fileRef = 91911F9D28CA434E00C21F64 /* SceneDelegate.swift */; };
		91911FA028CA434E00C21F64 /* MainScreenViewController.swift in Sources */ = {isa = PBXBuildFile; fileRef = 91911F9F28CA434E00C21F64 /* MainScreenViewController.swift */; };
		91911FA528CA435000C21F64 /* Assets.xcassets in Resources */ = {isa = PBXBuildFile; fileRef = 91911FA428CA435000C21F64 /* Assets.xcassets */; };
		91911FA828CA435000C21F64 /* LaunchScreen.storyboard in Resources */ = {isa = PBXBuildFile; fileRef = 91911FA628CA435000C21F64 /* LaunchScreen.storyboard */; };
		91911FB528CA497E00C21F64 /* SnapKit in Frameworks */ = {isa = PBXBuildFile; productRef = 91911FB428CA497E00C21F64 /* SnapKit */; };
		91911FB928CA4CB400C21F64 /* MyAlbumsCell.swift in Sources */ = {isa = PBXBuildFile; fileRef = 91911FB828CA4CB400C21F64 /* MyAlbumsCell.swift */; };
		91911FBB28CA5EDC00C21F64 /* Model.swift in Sources */ = {isa = PBXBuildFile; fileRef = 91911FBA28CA5EDB00C21F64 /* Model.swift */; };
		91911FBF28CA7E6400C21F64 /* MyAlbumsAndSharedAlbumsCellHeader.swift in Sources */ = {isa = PBXBuildFile; fileRef = 91911FBE28CA7E6400C21F64 /* MyAlbumsAndSharedAlbumsCellHeader.swift */; };
		91911FC128CB7DCF00C21F64 /* SharedAlbumsCell.swift in Sources */ = {isa = PBXBuildFile; fileRef = 91911FC028CB7DCF00C21F64 /* SharedAlbumsCell.swift */; };
		91911FC328CB87CB00C21F64 /* MediaTypesCell.swift in Sources */ = {isa = PBXBuildFile; fileRef = 91911FC228CB87CB00C21F64 /* MediaTypesCell.swift */; };
		91911FC528CB9F3300C21F64 /* UtilitiesCell.swift in Sources */ = {isa = PBXBuildFile; fileRef = 91911FC428CB9F3300C21F64 /* UtilitiesCell.swift */; };
		91911FC728CBA15100C21F64 /* MediaTypesAndUtilitiesCellHeader.swift in Sources */ = {isa = PBXBuildFile; fileRef = 91911FC628CBA15100C21F64 /* MediaTypesAndUtilitiesCellHeader.swift */; };
		91911FCC28CBBBC000C21F64 /* TabBarController.swift in Sources */ = {isa = PBXBuildFile; fileRef = 91911FCB28CBBBC000C21F64 /* TabBarController.swift */; };
		91911FCE28CBBCA600C21F64 /* LibraryTabBarViewController.swift in Sources */ = {isa = PBXBuildFile; fileRef = 91911FCD28CBBCA600C21F64 /* LibraryTabBarViewController.swift */; };
		91911FD028CBBCBD00C21F64 /* ForYouTabBarViewController.swift in Sources */ = {isa = PBXBuildFile; fileRef = 91911FCF28CBBCBD00C21F64 /* ForYouTabBarViewController.swift */; };
		91911FD228CBBCDA00C21F64 /* SearchTabBarViewController.swift in Sources */ = {isa = PBXBuildFile; fileRef = 91911FD128CBBCDA00C21F64 /* SearchTabBarViewController.swift */; };
/* End PBXBuildFile section */

/* Begin PBXFileReference section */
		91911F9828CA434E00C21F64 /* AlbumScreen.app */ = {isa = PBXFileReference; explicitFileType = wrapper.application; includeInIndex = 0; path = AlbumScreen.app; sourceTree = BUILT_PRODUCTS_DIR; };
		91911F9B28CA434E00C21F64 /* AppDelegate.swift */ = {isa = PBXFileReference; lastKnownFileType = sourcecode.swift; path = AppDelegate.swift; sourceTree = "<group>"; };
		91911F9D28CA434E00C21F64 /* SceneDelegate.swift */ = {isa = PBXFileReference; lastKnownFileType = sourcecode.swift; path = SceneDelegate.swift; sourceTree = "<group>"; };
		91911F9F28CA434E00C21F64 /* MainScreenViewController.swift */ = {isa = PBXFileReference; lastKnownFileType = sourcecode.swift; path = MainScreenViewController.swift; sourceTree = "<group>"; };
		91911FA428CA435000C21F64 /* Assets.xcassets */ = {isa = PBXFileReference; lastKnownFileType = folder.assetcatalog; path = Assets.xcassets; sourceTree = "<group>"; };
		91911FA728CA435000C21F64 /* Base */ = {isa = PBXFileReference; lastKnownFileType = file.storyboard; name = Base; path = Base.lproj/LaunchScreen.storyboard; sourceTree = "<group>"; };
		91911FA928CA435000C21F64 /* Info.plist */ = {isa = PBXFileReference; lastKnownFileType = text.plist.xml; path = Info.plist; sourceTree = "<group>"; };
		91911FB828CA4CB400C21F64 /* MyAlbumsCell.swift */ = {isa = PBXFileReference; lastKnownFileType = sourcecode.swift; path = MyAlbumsCell.swift; sourceTree = "<group>"; };
		91911FBA28CA5EDB00C21F64 /* Model.swift */ = {isa = PBXFileReference; lastKnownFileType = sourcecode.swift; path = Model.swift; sourceTree = "<group>"; };
		91911FBE28CA7E6400C21F64 /* MyAlbumsAndSharedAlbumsCellHeader.swift */ = {isa = PBXFileReference; lastKnownFileType = sourcecode.swift; path = MyAlbumsAndSharedAlbumsCellHeader.swift; sourceTree = "<group>"; };
		91911FC028CB7DCF00C21F64 /* SharedAlbumsCell.swift */ = {isa = PBXFileReference; lastKnownFileType = sourcecode.swift; path = SharedAlbumsCell.swift; sourceTree = "<group>"; };
		91911FC228CB87CB00C21F64 /* MediaTypesCell.swift */ = {isa = PBXFileReference; lastKnownFileType = sourcecode.swift; path = MediaTypesCell.swift; sourceTree = "<group>"; };
		91911FC428CB9F3300C21F64 /* UtilitiesCell.swift */ = {isa = PBXFileReference; lastKnownFileType = sourcecode.swift; path = UtilitiesCell.swift; sourceTree = "<group>"; };
		91911FC628CBA15100C21F64 /* MediaTypesAndUtilitiesCellHeader.swift */ = {isa = PBXFileReference; lastKnownFileType = sourcecode.swift; path = MediaTypesAndUtilitiesCellHeader.swift; sourceTree = "<group>"; };
		91911FCB28CBBBC000C21F64 /* TabBarController.swift */ = {isa = PBXFileReference; lastKnownFileType = sourcecode.swift; path = TabBarController.swift; sourceTree = "<group>"; };
		91911FCD28CBBCA600C21F64 /* LibraryTabBarViewController.swift */ = {isa = PBXFileReference; lastKnownFileType = sourcecode.swift; path = LibraryTabBarViewController.swift; sourceTree = "<group>"; };
		91911FCF28CBBCBD00C21F64 /* ForYouTabBarViewController.swift */ = {isa = PBXFileReference; lastKnownFileType = sourcecode.swift; path = ForYouTabBarViewController.swift; sourceTree = "<group>"; };
		91911FD128CBBCDA00C21F64 /* SearchTabBarViewController.swift */ = {isa = PBXFileReference; lastKnownFileType = sourcecode.swift; path = SearchTabBarViewController.swift; sourceTree = "<group>"; };
/* End PBXFileReference section */

/* Begin PBXFrameworksBuildPhase section */
		91911F9528CA434E00C21F64 /* Frameworks */ = {
			isa = PBXFrameworksBuildPhase;
			buildActionMask = 2147483647;
			files = (
				91911FB528CA497E00C21F64 /* SnapKit in Frameworks */,
			);
			runOnlyForDeploymentPostprocessing = 0;
		};
/* End PBXFrameworksBuildPhase section */

/* Begin PBXGroup section */
		91911F8F28CA434E00C21F64 = {
			isa = PBXGroup;
			children = (
				91911F9A28CA434E00C21F64 /* AlbumScreen */,
				91911F9928CA434E00C21F64 /* Products */,
			);
			sourceTree = "<group>";
		};
		91911F9928CA434E00C21F64 /* Products */ = {
			isa = PBXGroup;
			children = (
				91911F9828CA434E00C21F64 /* AlbumScreen.app */,
			);
			name = Products;
			sourceTree = "<group>";
		};
		91911F9A28CA434E00C21F64 /* AlbumScreen */ = {
			isa = PBXGroup;
			children = (
				91911FBC28CA6B8400C21F64 /* Delegates */,
				91911FB228CA46B700C21F64 /* App */,
				91911FB128CA46A300C21F64 /* Sources */,
				91911FAF28CA467D00C21F64 /* Resources */,
			);
			path = AlbumScreen;
			sourceTree = "<group>";
		};
		91911FAF28CA467D00C21F64 /* Resources */ = {
			isa = PBXGroup;
			children = (
				91911FA428CA435000C21F64 /* Assets.xcassets */,
				91911FB028CA468F00C21F64 /* Configuration */,
			);
			path = Resources;
			sourceTree = "<group>";
		};
		91911FB028CA468F00C21F64 /* Configuration */ = {
			isa = PBXGroup;
			children = (
				91911FA928CA435000C21F64 /* Info.plist */,
			);
			path = Configuration;
			sourceTree = "<group>";
		};
		91911FB128CA46A300C21F64 /* Sources */ = {
			isa = PBXGroup;
			children = (
				91911FA628CA435000C21F64 /* LaunchScreen.storyboard */,
			);
			path = Sources;
			sourceTree = "<group>";
		};
		91911FB228CA46B700C21F64 /* App */ = {
			isa = PBXGroup;
			children = (
				91911FCA28CBBAC600C21F64 /* TabBar */,
				91911FBD28CA7E1C00C21F64 /* Headers */,
				91911FB728CA4C9100C21F64 /* Cells */,
				91911FC828CBBA7D00C21F64 /* Models */,
			);
			path = App;
			sourceTree = "<group>";
		};
		91911FB728CA4C9100C21F64 /* Cells */ = {
			isa = PBXGroup;
			children = (
				91911FB828CA4CB400C21F64 /* MyAlbumsCell.swift */,
				91911FC028CB7DCF00C21F64 /* SharedAlbumsCell.swift */,
				91911FC228CB87CB00C21F64 /* MediaTypesCell.swift */,
				91911FC428CB9F3300C21F64 /* UtilitiesCell.swift */,
			);
			path = Cells;
			sourceTree = "<group>";
		};
		91911FBC28CA6B8400C21F64 /* Delegates */ = {
			isa = PBXGroup;
			children = (
				91911F9B28CA434E00C21F64 /* AppDelegate.swift */,
				91911F9D28CA434E00C21F64 /* SceneDelegate.swift */,
			);
			path = Delegates;
			sourceTree = "<group>";
		};
		91911FBD28CA7E1C00C21F64 /* Headers */ = {
			isa = PBXGroup;
			children = (
				91911FBE28CA7E6400C21F64 /* MyAlbumsAndSharedAlbumsCellHeader.swift */,
				91911FC628CBA15100C21F64 /* MediaTypesAndUtilitiesCellHeader.swift */,
			);
			path = Headers;
			sourceTree = "<group>";
		};
		91911FC828CBBA7D00C21F64 /* Models */ = {
			isa = PBXGroup;
			children = (
				91911FBA28CA5EDB00C21F64 /* Model.swift */,
			);
			path = Models;
			sourceTree = "<group>";
		};
		91911FC928CBBA8B00C21F64 /* Controllers */ = {
			isa = PBXGroup;
			children = (
				91911FCD28CBBCA600C21F64 /* LibraryTabBarViewController.swift */,
				91911FCF28CBBCBD00C21F64 /* ForYouTabBarViewController.swift */,
				91911F9F28CA434E00C21F64 /* MainScreenViewController.swift */,
				91911FD128CBBCDA00C21F64 /* SearchTabBarViewController.swift */,
			);
			path = Controllers;
			sourceTree = "<group>";
		};
		91911FCA28CBBAC600C21F64 /* TabBar */ = {
			isa = PBXGroup;
			children = (
				91911FCB28CBBBC000C21F64 /* TabBarController.swift */,
				91911FC928CBBA8B00C21F64 /* Controllers */,
			);
			path = TabBar;
			sourceTree = "<group>";
		};
/* End PBXGroup section */

/* Begin PBXNativeTarget section */
		91911F9728CA434E00C21F64 /* AlbumScreen */ = {
			isa = PBXNativeTarget;
			buildConfigurationList = 91911FAC28CA435000C21F64 /* Build configuration list for PBXNativeTarget "AlbumScreen" */;
			buildPhases = (
				91911F9428CA434E00C21F64 /* Sources */,
				91911F9528CA434E00C21F64 /* Frameworks */,
				91911F9628CA434E00C21F64 /* Resources */,
			);
			buildRules = (
			);
			dependencies = (
			);
			name = AlbumScreen;
			packageProductDependencies = (
				91911FB428CA497E00C21F64 /* SnapKit */,
			);
			productName = AlbumScreen;
			productReference = 91911F9828CA434E00C21F64 /* AlbumScreen.app */;
			productType = "com.apple.product-type.application";
		};
/* End PBXNativeTarget section */

/* Begin PBXProject section */
		91911F9028CA434E00C21F64 /* Project object */ = {
			isa = PBXProject;
			attributes = {
				BuildIndependentTargetsInParallel = 1;
				LastSwiftUpdateCheck = 1340;
				LastUpgradeCheck = 1340;
				TargetAttributes = {
					91911F9728CA434E00C21F64 = {
						CreatedOnToolsVersion = 13.4.1;
					};
				};
			};
			buildConfigurationList = 91911F9328CA434E00C21F64 /* Build configuration list for PBXProject "AlbumScreen" */;
			compatibilityVersion = "Xcode 13.0";
			developmentRegion = en;
			hasScannedForEncodings = 0;
			knownRegions = (
				en,
				Base,
			);
			mainGroup = 91911F8F28CA434E00C21F64;
			packageReferences = (
				91911FB328CA497E00C21F64 /* XCRemoteSwiftPackageReference "SnapKit" */,
			);
			productRefGroup = 91911F9928CA434E00C21F64 /* Products */;
			projectDirPath = "";
			projectRoot = "";
			targets = (
				91911F9728CA434E00C21F64 /* AlbumScreen */,
			);
		};
/* End PBXProject section */

/* Begin PBXResourcesBuildPhase section */
		91911F9628CA434E00C21F64 /* Resources */ = {
			isa = PBXResourcesBuildPhase;
			buildActionMask = 2147483647;
			files = (
				91911FA828CA435000C21F64 /* LaunchScreen.storyboard in Resources */,
				91911FA528CA435000C21F64 /* Assets.xcassets in Resources */,
			);
			runOnlyForDeploymentPostprocessing = 0;
		};
/* End PBXResourcesBuildPhase section */

/* Begin PBXSourcesBuildPhase section */
		91911F9428CA434E00C21F64 /* Sources */ = {
			isa = PBXSourcesBuildPhase;
			buildActionMask = 2147483647;
			files = (
				91911FCE28CBBCA600C21F64 /* LibraryTabBarViewController.swift in Sources */,
				91911FBB28CA5EDC00C21F64 /* Model.swift in Sources */,
				91911FA028CA434E00C21F64 /* MainScreenViewController.swift in Sources */,
				91911FCC28CBBBC000C21F64 /* TabBarController.swift in Sources */,
				91911FC528CB9F3300C21F64 /* UtilitiesCell.swift in Sources */,
				91911FD028CBBCBD00C21F64 /* ForYouTabBarViewController.swift in Sources */,
				91911F9C28CA434E00C21F64 /* AppDelegate.swift in Sources */,
				91911F9E28CA434E00C21F64 /* SceneDelegate.swift in Sources */,
				91911FD228CBBCDA00C21F64 /* SearchTabBarViewController.swift in Sources */,
				91911FC328CB87CB00C21F64 /* MediaTypesCell.swift in Sources */,
				91911FB928CA4CB400C21F64 /* MyAlbumsCell.swift in Sources */,
				91911FBF28CA7E6400C21F64 /* MyAlbumsAndSharedAlbumsCellHeader.swift in Sources */,
				91911FC728CBA15100C21F64 /* MediaTypesAndUtilitiesCellHeader.swift in Sources */,
				91911FC128CB7DCF00C21F64 /* SharedAlbumsCell.swift in Sources */,
			);
			runOnlyForDeploymentPostprocessing = 0;
		};
/* End PBXSourcesBuildPhase section */

/* Begin PBXVariantGroup section */
		91911FA628CA435000C21F64 /* LaunchScreen.storyboard */ = {
			isa = PBXVariantGroup;
			children = (
				91911FA728CA435000C21F64 /* Base */,
			);
			name = LaunchScreen.storyboard;
			sourceTree = "<group>";
		};
/* End PBXVariantGroup section */

/* Begin XCBuildConfiguration section */
		91911FAA28CA435000C21F64 /* Debug */ = {
			isa = XCBuildConfiguration;
			buildSettings = {
				ALWAYS_SEARCH_USER_PATHS = NO;
				CLANG_ANALYZER_NONNULL = YES;
				CLANG_ANALYZER_NUMBER_OBJECT_CONVERSION = YES_AGGRESSIVE;
				CLANG_CXX_LANGUAGE_STANDARD = "gnu++17";
				CLANG_ENABLE_MODULES = YES;
				CLANG_ENABLE_OBJC_ARC = YES;
				CLANG_ENABLE_OBJC_WEAK = YES;
				CLANG_WARN_BLOCK_CAPTURE_AUTORELEASING = YES;
				CLANG_WARN_BOOL_CONVERSION = YES;
				CLANG_WARN_COMMA = YES;
				CLANG_WARN_CONSTANT_CONVERSION = YES;
				CLANG_WARN_DEPRECATED_OBJC_IMPLEMENTATIONS = YES;
				CLANG_WARN_DIRECT_OBJC_ISA_USAGE = YES_ERROR;
				CLANG_WARN_DOCUMENTATION_COMMENTS = YES;
				CLANG_WARN_EMPTY_BODY = YES;
				CLANG_WARN_ENUM_CONVERSION = YES;
				CLANG_WARN_INFINITE_RECURSION = YES;
				CLANG_WARN_INT_CONVERSION = YES;
				CLANG_WARN_NON_LITERAL_NULL_CONVERSION = YES;
				CLANG_WARN_OBJC_IMPLICIT_RETAIN_SELF = YES;
				CLANG_WARN_OBJC_LITERAL_CONVERSION = YES;
				CLANG_WARN_OBJC_ROOT_CLASS = YES_ERROR;
				CLANG_WARN_QUOTED_INCLUDE_IN_FRAMEWORK_HEADER = YES;
				CLANG_WARN_RANGE_LOOP_ANALYSIS = YES;
				CLANG_WARN_STRICT_PROTOTYPES = YES;
				CLANG_WARN_SUSPICIOUS_MOVE = YES;
				CLANG_WARN_UNGUARDED_AVAILABILITY = YES_AGGRESSIVE;
				CLANG_WARN_UNREACHABLE_CODE = YES;
				CLANG_WARN__DUPLICATE_METHOD_MATCH = YES;
				COPY_PHASE_STRIP = NO;
				DEBUG_INFORMATION_FORMAT = dwarf;
				ENABLE_STRICT_OBJC_MSGSEND = YES;
				ENABLE_TESTABILITY = YES;
				GCC_C_LANGUAGE_STANDARD = gnu11;
				GCC_DYNAMIC_NO_PIC = NO;
				GCC_NO_COMMON_BLOCKS = YES;
				GCC_OPTIMIZATION_LEVEL = 0;
				GCC_PREPROCESSOR_DEFINITIONS = (
					"DEBUG=1",
					"$(inherited)",
				);
				GCC_WARN_64_TO_32_BIT_CONVERSION = YES;
				GCC_WARN_ABOUT_RETURN_TYPE = YES_ERROR;
				GCC_WARN_UNDECLARED_SELECTOR = YES;
				GCC_WARN_UNINITIALIZED_AUTOS = YES_AGGRESSIVE;
				GCC_WARN_UNUSED_FUNCTION = YES;
				GCC_WARN_UNUSED_VARIABLE = YES;
				IPHONEOS_DEPLOYMENT_TARGET = 15.5;
				MTL_ENABLE_DEBUG_INFO = INCLUDE_SOURCE;
				MTL_FAST_MATH = YES;
				ONLY_ACTIVE_ARCH = YES;
				SDKROOT = iphoneos;
				SWIFT_ACTIVE_COMPILATION_CONDITIONS = DEBUG;
				SWIFT_OPTIMIZATION_LEVEL = "-Onone";
			};
			name = Debug;
		};
		91911FAB28CA435000C21F64 /* Release */ = {
			isa = XCBuildConfiguration;
			buildSettings = {
				ALWAYS_SEARCH_USER_PATHS = NO;
				CLANG_ANALYZER_NONNULL = YES;
				CLANG_ANALYZER_NUMBER_OBJECT_CONVERSION = YES_AGGRESSIVE;
				CLANG_CXX_LANGUAGE_STANDARD = "gnu++17";
				CLANG_ENABLE_MODULES = YES;
				CLANG_ENABLE_OBJC_ARC = YES;
				CLANG_ENABLE_OBJC_WEAK = YES;
				CLANG_WARN_BLOCK_CAPTURE_AUTORELEASING = YES;
				CLANG_WARN_BOOL_CONVERSION = YES;
				CLANG_WARN_COMMA = YES;
				CLANG_WARN_CONSTANT_CONVERSION = YES;
				CLANG_WARN_DEPRECATED_OBJC_IMPLEMENTATIONS = YES;
				CLANG_WARN_DIRECT_OBJC_ISA_USAGE = YES_ERROR;
				CLANG_WARN_DOCUMENTATION_COMMENTS = YES;
				CLANG_WARN_EMPTY_BODY = YES;
				CLANG_WARN_ENUM_CONVERSION = YES;
				CLANG_WARN_INFINITE_RECURSION = YES;
				CLANG_WARN_INT_CONVERSION = YES;
				CLANG_WARN_NON_LITERAL_NULL_CONVERSION = YES;
				CLANG_WARN_OBJC_IMPLICIT_RETAIN_SELF = YES;
				CLANG_WARN_OBJC_LITERAL_CONVERSION = YES;
				CLANG_WARN_OBJC_ROOT_CLASS = YES_ERROR;
				CLANG_WARN_QUOTED_INCLUDE_IN_FRAMEWORK_HEADER = YES;
				CLANG_WARN_RANGE_LOOP_ANALYSIS = YES;
				CLANG_WARN_STRICT_PROTOTYPES = YES;
				CLANG_WARN_SUSPICIOUS_MOVE = YES;
				CLANG_WARN_UNGUARDED_AVAILABILITY = YES_AGGRESSIVE;
				CLANG_WARN_UNREACHABLE_CODE = YES;
				CLANG_WARN__DUPLICATE_METHOD_MATCH = YES;
				COPY_PHASE_STRIP = NO;
				DEBUG_INFORMATION_FORMAT = "dwarf-with-dsym";
				ENABLE_NS_ASSERTIONS = NO;
				ENABLE_STRICT_OBJC_MSGSEND = YES;
				GCC_C_LANGUAGE_STANDARD = gnu11;
				GCC_NO_COMMON_BLOCKS = YES;
				GCC_WARN_64_TO_32_BIT_CONVERSION = YES;
				GCC_WARN_ABOUT_RETURN_TYPE = YES_ERROR;
				GCC_WARN_UNDECLARED_SELECTOR = YES;
				GCC_WARN_UNINITIALIZED_AUTOS = YES_AGGRESSIVE;
				GCC_WARN_UNUSED_FUNCTION = YES;
				GCC_WARN_UNUSED_VARIABLE = YES;
				IPHONEOS_DEPLOYMENT_TARGET = 15.5;
				MTL_ENABLE_DEBUG_INFO = NO;
				MTL_FAST_MATH = YES;
				SDKROOT = iphoneos;
				SWIFT_COMPILATION_MODE = wholemodule;
				SWIFT_OPTIMIZATION_LEVEL = "-O";
				VALIDATE_PRODUCT = YES;
			};
			name = Release;
		};
		91911FAD28CA435000C21F64 /* Debug */ = {
			isa = XCBuildConfiguration;
			buildSettings = {
				ASSETCATALOG_COMPILER_APPICON_NAME = AppIcon;
				ASSETCATALOG_COMPILER_GLOBAL_ACCENT_COLOR_NAME = AccentColor;
				CODE_SIGN_STYLE = Automatic;
				CURRENT_PROJECT_VERSION = 1;
				DEVELOPMENT_TEAM = 66ZXKDA6XW;
				GENERATE_INFOPLIST_FILE = YES;
				INFOPLIST_FILE = AlbumScreen/Resources/Configuration/Info.plist;
				INFOPLIST_KEY_UIApplicationSupportsIndirectInputEvents = YES;
				INFOPLIST_KEY_UILaunchStoryboardName = LaunchScreen;
				INFOPLIST_KEY_UISupportedInterfaceOrientations_iPad = "UIInterfaceOrientationPortrait UIInterfaceOrientationPortraitUpsideDown UIInterfaceOrientationLandscapeLeft UIInterfaceOrientationLandscapeRight";
				INFOPLIST_KEY_UISupportedInterfaceOrientations_iPhone = "UIInterfaceOrientationPortrait UIInterfaceOrientationLandscapeLeft UIInterfaceOrientationLandscapeRight";
				LD_RUNPATH_SEARCH_PATHS = (
					"$(inherited)",
					"@executable_path/Frameworks",
				);
				MARKETING_VERSION = 1.0;
				PRODUCT_BUNDLE_IDENTIFIER = LA.my.AlbumScreen;
				PRODUCT_NAME = "$(TARGET_NAME)";
				SWIFT_EMIT_LOC_STRINGS = YES;
				SWIFT_VERSION = 5.0;
				TARGETED_DEVICE_FAMILY = "1,2";
			};
			name = Debug;
		};
		91911FAE28CA435000C21F64 /* Release */ = {
			isa = XCBuildConfiguration;
			buildSettings = {
				ASSETCATALOG_COMPILER_APPICON_NAME = AppIcon;
				ASSETCATALOG_COMPILER_GLOBAL_ACCENT_COLOR_NAME = AccentColor;
				CODE_SIGN_STYLE = Automatic;
				CURRENT_PROJECT_VERSION = 1;
				DEVELOPMENT_TEAM = 66ZXKDA6XW;
				GENERATE_INFOPLIST_FILE = YES;
				INFOPLIST_FILE = AlbumScreen/Resources/Configuration/Info.plist;
				INFOPLIST_KEY_UIApplicationSupportsIndirectInputEvents = YES;
				INFOPLIST_KEY_UILaunchStoryboardName = LaunchScreen;
				INFOPLIST_KEY_UISupportedInterfaceOrientations_iPad = "UIInterfaceOrientationPortrait UIInterfaceOrientationPortraitUpsideDown UIInterfaceOrientationLandscapeLeft UIInterfaceOrientationLandscapeRight";
				INFOPLIST_KEY_UISupportedInterfaceOrientations_iPhone = "UIInterfaceOrientationPortrait UIInterfaceOrientationLandscapeLeft UIInterfaceOrientationLandscapeRight";
				LD_RUNPATH_SEARCH_PATHS = (
					"$(inherited)",
					"@executable_path/Frameworks",
				);
				MARKETING_VERSION = 1.0;
				PRODUCT_BUNDLE_IDENTIFIER = LA.my.AlbumScreen;
				PRODUCT_NAME = "$(TARGET_NAME)";
				SWIFT_EMIT_LOC_STRINGS = YES;
				SWIFT_VERSION = 5.0;
				TARGETED_DEVICE_FAMILY = "1,2";
			};
			name = Release;
		};
/* End XCBuildConfiguration section */

/* Begin XCConfigurationList section */
		91911F9328CA434E00C21F64 /* Build configuration list for PBXProject "AlbumScreen" */ = {
			isa = XCConfigurationList;
			buildConfigurations = (
				91911FAA28CA435000C21F64 /* Debug */,
				91911FAB28CA435000C21F64 /* Release */,
			);
			defaultConfigurationIsVisible = 0;
			defaultConfigurationName = Release;
		};
		91911FAC28CA435000C21F64 /* Build configuration list for PBXNativeTarget "AlbumScreen" */ = {
			isa = XCConfigurationList;
			buildConfigurations = (
				91911FAD28CA435000C21F64 /* Debug */,
				91911FAE28CA435000C21F64 /* Release */,
			);
			defaultConfigurationIsVisible = 0;
			defaultConfigurationName = Release;
		};
/* End XCConfigurationList section */

/* Begin XCRemoteSwiftPackageReference section */
		91911FB328CA497E00C21F64 /* XCRemoteSwiftPackageReference "SnapKit" */ = {
			isa = XCRemoteSwiftPackageReference;
			repositoryURL = "https://github.com/SnapKit/SnapKit.git";
			requirement = {
				branch = develop;
				kind = branch;
			};
		};
/* End XCRemoteSwiftPackageReference section */

/* Begin XCSwiftPackageProductDependency section */
		91911FB428CA497E00C21F64 /* SnapKit */ = {
			isa = XCSwiftPackageProductDependency;
			package = 91911FB328CA497E00C21F64 /* XCRemoteSwiftPackageReference "SnapKit" */;
			productName = SnapKit;
		};
/* End XCSwiftPackageProductDependency section */
	};
	rootObject = 91911F9028CA434E00C21F64 /* Project object */;
}
